
Microsoft Visual Studio Solution File, Format Version 12.00
# Visual Studio Version 17
VisualStudioVersion = 17.2.32526.322
MinimumVisualStudioVersion = 10.0.40219.1
Project("{FAE04EC0-301F-11D3-BF4B-00C04F79EFBC}") = "bai2", "bai2.csproj", "{22E5D881-7A0B-4022-8EC8-07D4FDF4D628}"
EndProject
Global
	GlobalSection(SolutionConfigurationPlatforms) = preSolution
		Debug|Any CPU = Debug|Any CPU
		Release|Any CPU = Release|Any CPU
	EndGlobalSection
	GlobalSection(ProjectConfigurationPlatforms) = postSolution
		{22E5D881-7A0B-4022-8EC8-07D4FDF4D628}.Debug|Any CPU.ActiveCfg = Debug|Any CPU
		{22E5D881-7A0B-4022-8EC8-07D4FDF4D628}.Debug|Any CPU.Build.0 = Debug|Any CPU
		{22E5D881-7A0B-4022-8EC8-07D4FDF4D628}.Release|Any CPU.ActiveCfg = Release|Any CPU
		{22E5D881-7A0B-4022-8EC8-07D4FDF4D628}.Release|Any CPU.Build.0 = Release|Any CPU
	EndGlobalSection
	GlobalSection(SolutionProperties) = preSolution
		HideSolutionNode = FALSE
	EndGlobalSection
	GlobalSection(ExtensibilityGlobals) = postSolution
		SolutionGuid = {C668D998-364D-4F1E-85AF-8347AC337D49}
	EndGlobalSection
EndGlobal
